
Microsoft Visual Studio Solution File, Format Version 12.00
# Visual Studio 15
VisualStudioVersion = 15.0.26430.4
MinimumVisualStudioVersion = 10.0.40219.1
Project("{2150E333-8FDC-42A3-9474-1A3956D46DE8}") = "Solution Items", "Solution Items", "{DFF16828-53C9-4AF2-A5D8-B89612968331}"
	ProjectSection(SolutionItems) = preProject
		CustomDictionary.xml = CustomDictionary.xml
	EndProjectSection
EndProject
Project("{FAE04EC0-301F-11D3-BF4B-00C04F79EFBC}") = "Parliament.OpenSearch", "Parliament.OpenSearch\Parliament.OpenSearch.csproj", "{05B2757C-37F6-4DDB-89D9-2E1AD653EE94}"
EndProject
Project("{FAE04EC0-301F-11D3-BF4B-00C04F79EFBC}") = "Parliament.Search.Api", "Parliament.Search.Api\Parliament.Search.Api.csproj", "{04640464-34D1-4A09-886F-FC1D97EB2D0B}"
EndProject
Project("{2150E333-8FDC-42A3-9474-1A3956D46DE8}") = "Deployment", "Deployment", "{34864B7C-AC48-497F-A77D-46446FE1868B}"
	ProjectSection(SolutionItems) = preProject
		Deployment\APISetup.ps1 = Deployment\APISetup.ps1
		Deployment\ApplicationSettingsRetrieval.ps1 = Deployment\ApplicationSettingsRetrieval.ps1
		Deployment\AppService.json = Deployment\AppService.json
		Deployment\Operations.json = Deployment\Operations.json
		Deployment\Operations.ps1 = Deployment\Operations.ps1
	EndProjectSection
EndProject
Global
	GlobalSection(SolutionConfigurationPlatforms) = preSolution
		Debug|Any CPU = Debug|Any CPU
		Release|Any CPU = Release|Any CPU
	EndGlobalSection
	GlobalSection(ProjectConfigurationPlatforms) = postSolution
		{05B2757C-37F6-4DDB-89D9-2E1AD653EE94}.Debug|Any CPU.ActiveCfg = Debug|Any CPU
		{05B2757C-37F6-4DDB-89D9-2E1AD653EE94}.Debug|Any CPU.Build.0 = Debug|Any CPU
		{05B2757C-37F6-4DDB-89D9-2E1AD653EE94}.Release|Any CPU.ActiveCfg = Release|Any CPU
		{05B2757C-37F6-4DDB-89D9-2E1AD653EE94}.Release|Any CPU.Build.0 = Release|Any CPU
		{04640464-34D1-4A09-886F-FC1D97EB2D0B}.Debug|Any CPU.ActiveCfg = Debug|Any CPU
		{04640464-34D1-4A09-886F-FC1D97EB2D0B}.Debug|Any CPU.Build.0 = Debug|Any CPU
		{04640464-34D1-4A09-886F-FC1D97EB2D0B}.Release|Any CPU.ActiveCfg = Release|Any CPU
		{04640464-34D1-4A09-886F-FC1D97EB2D0B}.Release|Any CPU.Build.0 = Release|Any CPU
	EndGlobalSection
	GlobalSection(SolutionProperties) = preSolution
		HideSolutionNode = FALSE
	EndGlobalSection
	GlobalSection(NestedProjects) = preSolution
		{34864B7C-AC48-497F-A77D-46446FE1868B} = {DFF16828-53C9-4AF2-A5D8-B89612968331}
	EndGlobalSection
EndGlobal
