
Microsoft Visual Studio Solution File, Format Version 12.00
# Visual Studio 15
VisualStudioVersion = 15.0.26430.13
MinimumVisualStudioVersion = 10.0.40219.1
Project("{2150E333-8FDC-42A3-9474-1A3956D46DE8}") = "Solution Items", "Solution Items", "{DFF16828-53C9-4AF2-A5D8-B89612968331}"
	ProjectSection(SolutionItems) = preProject
		CustomDictionary.xml = CustomDictionary.xml
		README.md = README.md
	EndProjectSection
EndProject
Project("{FAE04EC0-301F-11D3-BF4B-00C04F79EFBC}") = "Parliament.OpenSearch", "Parliament.OpenSearch\Parliament.OpenSearch.csproj", "{05B2757C-37F6-4DDB-89D9-2E1AD653EE94}"
EndProject
Project("{FAE04EC0-301F-11D3-BF4B-00C04F79EFBC}") = "Parliament.Search.Api", "Parliament.Search.Api\Parliament.Search.Api.csproj", "{04640464-34D1-4A09-886F-FC1D97EB2D0B}"
EndProject
Project("{2150E333-8FDC-42A3-9474-1A3956D46DE8}") = "Deployment", "Deployment", "{34864B7C-AC48-497F-A77D-46446FE1868B}"
	ProjectSection(SolutionItems) = preProject
		Deployment\ApplicationSettingsRetrieval.ps1 = Deployment\ApplicationSettingsRetrieval.ps1
		Deployment\AppService.json = Deployment\AppService.json
	EndProjectSection
EndProject
Project("{FAE04EC0-301F-11D3-BF4B-00C04F79EFBC}") = "BingProvider", "BingProvider\BingProvider.csproj", "{440707D9-384E-497E-8C8A-20A9BD1AD728}"
EndProject
Project("{FAE04EC0-301F-11D3-BF4B-00C04F79EFBC}") = "Library", "Library\Library.csproj", "{14A1A36C-961F-4748-8FCE-7AC866C0A624}"
EndProject
Project("{FAE04EC0-301F-11D3-BF4B-00C04F79EFBC}") = "MockProvider", "MockProvider\MockProvider.csproj", "{4318A422-2A0C-4F1A-98A9-87F52ADAE635}"
EndProject
Project("{FAE04EC0-301F-11D3-BF4B-00C04F79EFBC}") = "GoogleProvider", "GoogleProvider\GoogleProvider.csproj", "{8FD7915D-BA91-42B0-9646-5A98B33F2F9D}"
EndProject
Global
	GlobalSection(SolutionConfigurationPlatforms) = preSolution
		Debug|Any CPU = Debug|Any CPU
		Release|Any CPU = Release|Any CPU
	EndGlobalSection
	GlobalSection(ProjectConfigurationPlatforms) = postSolution
		{05B2757C-37F6-4DDB-89D9-2E1AD653EE94}.Debug|Any CPU.ActiveCfg = Debug|Any CPU
		{05B2757C-37F6-4DDB-89D9-2E1AD653EE94}.Debug|Any CPU.Build.0 = Debug|Any CPU
		{05B2757C-37F6-4DDB-89D9-2E1AD653EE94}.Release|Any CPU.ActiveCfg = Release|Any CPU
		{05B2757C-37F6-4DDB-89D9-2E1AD653EE94}.Release|Any CPU.Build.0 = Release|Any CPU
		{04640464-34D1-4A09-886F-FC1D97EB2D0B}.Debug|Any CPU.ActiveCfg = Debug|Any CPU
		{04640464-34D1-4A09-886F-FC1D97EB2D0B}.Debug|Any CPU.Build.0 = Debug|Any CPU
		{04640464-34D1-4A09-886F-FC1D97EB2D0B}.Release|Any CPU.ActiveCfg = Release|Any CPU
		{04640464-34D1-4A09-886F-FC1D97EB2D0B}.Release|Any CPU.Build.0 = Release|Any CPU
		{440707D9-384E-497E-8C8A-20A9BD1AD728}.Debug|Any CPU.ActiveCfg = Debug|Any CPU
		{440707D9-384E-497E-8C8A-20A9BD1AD728}.Debug|Any CPU.Build.0 = Debug|Any CPU
		{440707D9-384E-497E-8C8A-20A9BD1AD728}.Release|Any CPU.ActiveCfg = Release|Any CPU
		{440707D9-384E-497E-8C8A-20A9BD1AD728}.Release|Any CPU.Build.0 = Release|Any CPU
		{14A1A36C-961F-4748-8FCE-7AC866C0A624}.Debug|Any CPU.ActiveCfg = Debug|Any CPU
		{14A1A36C-961F-4748-8FCE-7AC866C0A624}.Debug|Any CPU.Build.0 = Debug|Any CPU
		{14A1A36C-961F-4748-8FCE-7AC866C0A624}.Release|Any CPU.ActiveCfg = Release|Any CPU
		{14A1A36C-961F-4748-8FCE-7AC866C0A624}.Release|Any CPU.Build.0 = Release|Any CPU
		{4318A422-2A0C-4F1A-98A9-87F52ADAE635}.Debug|Any CPU.ActiveCfg = Debug|Any CPU
		{4318A422-2A0C-4F1A-98A9-87F52ADAE635}.Debug|Any CPU.Build.0 = Debug|Any CPU
		{4318A422-2A0C-4F1A-98A9-87F52ADAE635}.Release|Any CPU.ActiveCfg = Release|Any CPU
		{4318A422-2A0C-4F1A-98A9-87F52ADAE635}.Release|Any CPU.Build.0 = Release|Any CPU
		{8FD7915D-BA91-42B0-9646-5A98B33F2F9D}.Debug|Any CPU.ActiveCfg = Debug|Any CPU
		{8FD7915D-BA91-42B0-9646-5A98B33F2F9D}.Debug|Any CPU.Build.0 = Debug|Any CPU
		{8FD7915D-BA91-42B0-9646-5A98B33F2F9D}.Release|Any CPU.ActiveCfg = Release|Any CPU
		{8FD7915D-BA91-42B0-9646-5A98B33F2F9D}.Release|Any CPU.Build.0 = Release|Any CPU
	EndGlobalSection
	GlobalSection(SolutionProperties) = preSolution
		HideSolutionNode = FALSE
	EndGlobalSection
	GlobalSection(NestedProjects) = preSolution
		{34864B7C-AC48-497F-A77D-46446FE1868B} = {DFF16828-53C9-4AF2-A5D8-B89612968331}
	EndGlobalSection
EndGlobal
